
Microsoft Visual Studio Solution File, Format Version 12.00
# Visual Studio Version 17
VisualStudioVersion = 17.5.33627.172
MinimumVisualStudioVersion = 10.0.40219.1
Project("{9A19103F-16F7-4668-BE54-9A1E7A4F7556}") = "LoanCalculator", "LoanCalculator.csproj", "{7A83AB28-8DFE-468F-9BE7-9F8169305C37}"
EndProject
Project("{FAE04EC0-301F-11D3-BF4B-00C04F79EFBC}") = "LoanCalculator.Tests", "..\LoanCalculator.Tests\LoanCalculator.Tests.csproj", "{414D002C-41F3-4AC6-B90D-12AEE860B008}"
EndProject
Global
	GlobalSection(SolutionConfigurationPlatforms) = preSolution
		Debug|Any CPU = Debug|Any CPU
		Release|Any CPU = Release|Any CPU
	EndGlobalSection
	GlobalSection(ProjectConfigurationPlatforms) = postSolution
		{7A83AB28-8DFE-468F-9BE7-9F8169305C37}.Debug|Any CPU.ActiveCfg = Debug|Any CPU
		{7A83AB28-8DFE-468F-9BE7-9F8169305C37}.Debug|Any CPU.Build.0 = Debug|Any CPU
		{7A83AB28-8DFE-468F-9BE7-9F8169305C37}.Release|Any CPU.ActiveCfg = Release|Any CPU
		{7A83AB28-8DFE-468F-9BE7-9F8169305C37}.Release|Any CPU.Build.0 = Release|Any CPU
		{414D002C-41F3-4AC6-B90D-12AEE860B008}.Debug|Any CPU.ActiveCfg = Debug|Any CPU
		{414D002C-41F3-4AC6-B90D-12AEE860B008}.Debug|Any CPU.Build.0 = Debug|Any CPU
		{414D002C-41F3-4AC6-B90D-12AEE860B008}.Release|Any CPU.ActiveCfg = Release|Any CPU
		{414D002C-41F3-4AC6-B90D-12AEE860B008}.Release|Any CPU.Build.0 = Release|Any CPU
	EndGlobalSection
	GlobalSection(SolutionProperties) = preSolution
		HideSolutionNode = FALSE
	EndGlobalSection
	GlobalSection(ExtensibilityGlobals) = postSolution
		SolutionGuid = {6457DCFC-A73F-475D-8FD5-77D1B6595417}
	EndGlobalSection
EndGlobal
